
Microsoft Visual Studio Solution File, Format Version 12.00
# Visual Studio 15
Project("{FAE04EC0-301F-11D3-BF4B-00C04F79EFBC}") = "Unity.XR.Interaction.Toolkit.Samples.ARStarterAssets", "Unity.XR.Interaction.Toolkit.Samples.ARStarterAssets.csproj", "{3966248D-1900-6D26-B6B0-59659B073241}"
EndProject
Project("{FAE04EC0-301F-11D3-BF4B-00C04F79EFBC}") = "Assembly-CSharp", "Assembly-CSharp.csproj", "{2479BDE7-26EA-A61A-8E37-48A4E236D674}"
EndProject
Project("{FAE04EC0-301F-11D3-BF4B-00C04F79EFBC}") = "Unity.XR.Interaction.Toolkit.Samples.ARStarterAssets.Editor", "Unity.XR.Interaction.Toolkit.Samples.ARStarterAssets.Editor.csproj", "{FFF1DF46-8543-67C9-CC98-DBDB68578F45}"
EndProject
Project("{FAE04EC0-301F-11D3-BF4B-00C04F79EFBC}") = "Unity.XR.Interaction.Toolkit.Samples.StarterAssets", "Unity.XR.Interaction.Toolkit.Samples.StarterAssets.csproj", "{DFC55DEB-F753-CDF2-D9EB-149A6F72B1DF}"
EndProject
Global
	GlobalSection(SolutionConfigurationPlatforms) = preSolution
		Debug|Any CPU = Debug|Any CPU
		Release|Any CPU = Release|Any CPU
	EndGlobalSection
	GlobalSection(ProjectConfigurationPlatforms) = postSolution
		{3966248D-1900-6D26-B6B0-59659B073241}.Debug|Any CPU.ActiveCfg = Debug|Any CPU
		{3966248D-1900-6D26-B6B0-59659B073241}.Debug|Any CPU.Build.0 = Debug|Any CPU
		{3966248D-1900-6D26-B6B0-59659B073241}.Release|Any CPU.ActiveCfg = Release|Any CPU
		{3966248D-1900-6D26-B6B0-59659B073241}.Release|Any CPU.Build.0 = Release|Any CPU
		{2479BDE7-26EA-A61A-8E37-48A4E236D674}.Debug|Any CPU.ActiveCfg = Debug|Any CPU
		{2479BDE7-26EA-A61A-8E37-48A4E236D674}.Debug|Any CPU.Build.0 = Debug|Any CPU
		{2479BDE7-26EA-A61A-8E37-48A4E236D674}.Release|Any CPU.ActiveCfg = Release|Any CPU
		{2479BDE7-26EA-A61A-8E37-48A4E236D674}.Release|Any CPU.Build.0 = Release|Any CPU
		{FFF1DF46-8543-67C9-CC98-DBDB68578F45}.Debug|Any CPU.ActiveCfg = Debug|Any CPU
		{FFF1DF46-8543-67C9-CC98-DBDB68578F45}.Debug|Any CPU.Build.0 = Debug|Any CPU
		{FFF1DF46-8543-67C9-CC98-DBDB68578F45}.Release|Any CPU.ActiveCfg = Release|Any CPU
		{FFF1DF46-8543-67C9-CC98-DBDB68578F45}.Release|Any CPU.Build.0 = Release|Any CPU
		{DFC55DEB-F753-CDF2-D9EB-149A6F72B1DF}.Debug|Any CPU.ActiveCfg = Debug|Any CPU
		{DFC55DEB-F753-CDF2-D9EB-149A6F72B1DF}.Debug|Any CPU.Build.0 = Debug|Any CPU
		{DFC55DEB-F753-CDF2-D9EB-149A6F72B1DF}.Release|Any CPU.ActiveCfg = Release|Any CPU
		{DFC55DEB-F753-CDF2-D9EB-149A6F72B1DF}.Release|Any CPU.Build.0 = Release|Any CPU
	EndGlobalSection
	GlobalSection(SolutionProperties) = preSolution
		HideSolutionNode = FALSE
	EndGlobalSection
EndGlobal
